
Microsoft Visual Studio Solution File, Format Version 12.00
# Visual Studio Version 17
VisualStudioVersion = 17.3.32929.385
MinimumVisualStudioVersion = 10.0.40219.1
Project("{FAE04EC0-301F-11D3-BF4B-00C04F79EFBC}") = "EspnApi", "EspApi\EspnApi.csproj", "{FC379FF6-C90C-4BA2-BF7E-F86691BAA394}"
EndProject
Project("{FAE04EC0-301F-11D3-BF4B-00C04F79EFBC}") = "Playground", "Playground\Playground.csproj", "{16BB6FB0-4139-4340-9110-33CDAD45D1C3}"
EndProject
Project("{2150E333-8FDC-42A3-9474-1A3956D46DE8}") = "Solution Items", "Solution Items", "{08CF0B5A-B4B6-434B-87C7-372A1F8E3EC4}"
	ProjectSection(SolutionItems) = preProject
		favicon.ico = favicon.ico
		logo.png = logo.png
	EndProjectSection
EndProject
Global
	GlobalSection(SolutionConfigurationPlatforms) = preSolution
		Debug|Any CPU = Debug|Any CPU
		Release|Any CPU = Release|Any CPU
	EndGlobalSection
	GlobalSection(ProjectConfigurationPlatforms) = postSolution
		{FC379FF6-C90C-4BA2-BF7E-F86691BAA394}.Debug|Any CPU.ActiveCfg = Debug|Any CPU
		{FC379FF6-C90C-4BA2-BF7E-F86691BAA394}.Debug|Any CPU.Build.0 = Debug|Any CPU
		{FC379FF6-C90C-4BA2-BF7E-F86691BAA394}.Release|Any CPU.ActiveCfg = Release|Any CPU
		{FC379FF6-C90C-4BA2-BF7E-F86691BAA394}.Release|Any CPU.Build.0 = Release|Any CPU
		{16BB6FB0-4139-4340-9110-33CDAD45D1C3}.Debug|Any CPU.ActiveCfg = Debug|Any CPU
		{16BB6FB0-4139-4340-9110-33CDAD45D1C3}.Debug|Any CPU.Build.0 = Debug|Any CPU
		{16BB6FB0-4139-4340-9110-33CDAD45D1C3}.Release|Any CPU.ActiveCfg = Release|Any CPU
		{16BB6FB0-4139-4340-9110-33CDAD45D1C3}.Release|Any CPU.Build.0 = Release|Any CPU
	EndGlobalSection
	GlobalSection(SolutionProperties) = preSolution
		HideSolutionNode = FALSE
	EndGlobalSection
	GlobalSection(ExtensibilityGlobals) = postSolution
		SolutionGuid = {8EF3FC56-ECD0-46E1-B600-E2EEDDCBA95D}
	EndGlobalSection
EndGlobal
